
Microsoft Visual Studio Solution File, Format Version 12.00
# Visual Studio Version 17
VisualStudioVersion = 17.4.33213.308
MinimumVisualStudioVersion = 10.0.40219.1
Project("{FAE04EC0-301F-11D3-BF4B-00C04F79EFBC}") = "01.03.23 dz", "01.03.23 dz\01.03.23 dz.csproj", "{4955A286-38A6-4F29-89A3-DCBC5D7CFEB9}"
EndProject
Global
	GlobalSection(SolutionConfigurationPlatforms) = preSolution
		Debug|Any CPU = Debug|Any CPU
		Release|Any CPU = Release|Any CPU
	EndGlobalSection
	GlobalSection(ProjectConfigurationPlatforms) = postSolution
		{4955A286-38A6-4F29-89A3-DCBC5D7CFEB9}.Debug|Any CPU.ActiveCfg = Debug|Any CPU
		{4955A286-38A6-4F29-89A3-DCBC5D7CFEB9}.Debug|Any CPU.Build.0 = Debug|Any CPU
		{4955A286-38A6-4F29-89A3-DCBC5D7CFEB9}.Release|Any CPU.ActiveCfg = Release|Any CPU
		{4955A286-38A6-4F29-89A3-DCBC5D7CFEB9}.Release|Any CPU.Build.0 = Release|Any CPU
	EndGlobalSection
	GlobalSection(SolutionProperties) = preSolution
		HideSolutionNode = FALSE
	EndGlobalSection
	GlobalSection(ExtensibilityGlobals) = postSolution
		SolutionGuid = {149B1BBC-9F11-4438-863F-AEA5B9F7929C}
	EndGlobalSection
EndGlobal
